
Microsoft Visual Studio Solution File, Format Version 12.00
# Visual Studio Version 17
VisualStudioVersion = 17.4.33213.308
MinimumVisualStudioVersion = 10.0.40219.1
Project("{FAE04EC0-301F-11D3-BF4B-00C04F79EFBC}") = "S01 Ex 3", "S01 Ex 3\S01 Ex 3.csproj", "{CFD02834-57F3-4E98-BB08-81194A32FBF2}"
EndProject
Global
	GlobalSection(SolutionConfigurationPlatforms) = preSolution
		Debug|Any CPU = Debug|Any CPU
		Release|Any CPU = Release|Any CPU
	EndGlobalSection
	GlobalSection(ProjectConfigurationPlatforms) = postSolution
		{CFD02834-57F3-4E98-BB08-81194A32FBF2}.Debug|Any CPU.ActiveCfg = Debug|Any CPU
		{CFD02834-57F3-4E98-BB08-81194A32FBF2}.Debug|Any CPU.Build.0 = Debug|Any CPU
		{CFD02834-57F3-4E98-BB08-81194A32FBF2}.Release|Any CPU.ActiveCfg = Release|Any CPU
		{CFD02834-57F3-4E98-BB08-81194A32FBF2}.Release|Any CPU.Build.0 = Release|Any CPU
	EndGlobalSection
	GlobalSection(SolutionProperties) = preSolution
		HideSolutionNode = FALSE
	EndGlobalSection
	GlobalSection(ExtensibilityGlobals) = postSolution
		SolutionGuid = {53CF6A26-B637-402E-BACC-76E454B7F8F6}
	EndGlobalSection
EndGlobal
