
Microsoft Visual Studio Solution File, Format Version 12.00
# Visual Studio Version 17
VisualStudioVersion = 17.4.33213.308
MinimumVisualStudioVersion = 10.0.40219.1
Project("{FAE04EC0-301F-11D3-BF4B-00C04F79EFBC}") = "Tratamento Exceções", "Tratamento Exceções\Tratamento Exceções.csproj", "{5353874D-C1D2-43F1-925D-7DA314CBA47C}"
EndProject
Global
	GlobalSection(SolutionConfigurationPlatforms) = preSolution
		Debug|Any CPU = Debug|Any CPU
		Release|Any CPU = Release|Any CPU
	EndGlobalSection
	GlobalSection(ProjectConfigurationPlatforms) = postSolution
		{5353874D-C1D2-43F1-925D-7DA314CBA47C}.Debug|Any CPU.ActiveCfg = Debug|Any CPU
		{5353874D-C1D2-43F1-925D-7DA314CBA47C}.Debug|Any CPU.Build.0 = Debug|Any CPU
		{5353874D-C1D2-43F1-925D-7DA314CBA47C}.Release|Any CPU.ActiveCfg = Release|Any CPU
		{5353874D-C1D2-43F1-925D-7DA314CBA47C}.Release|Any CPU.Build.0 = Release|Any CPU
	EndGlobalSection
	GlobalSection(SolutionProperties) = preSolution
		HideSolutionNode = FALSE
	EndGlobalSection
	GlobalSection(ExtensibilityGlobals) = postSolution
		SolutionGuid = {504205E2-F25A-4D9B-980F-B4A808B77273}
	EndGlobalSection
EndGlobal
